// !$*UTF8*$!
{
	archiveVersion = 1;
	classes = {
	};
	objectVersion = 55;
	objects = {

/* Begin PBXBuildFile section */
		AF032C482926DD14000C4295 /* Managers.swift in Sources */ = {isa = PBXBuildFile; fileRef = AF032C472926DD14000C4295 /* Managers.swift */; };
		AF41E2A7292E74FE009F78C4 /* UIVCExt.swift in Sources */ = {isa = PBXBuildFile; fileRef = AF41E2A6292E74FE009F78C4 /* UIVCExt.swift */; };
		AF41E2A9292E7DFB009F78C4 /* VerificationsViewController.swift in Sources */ = {isa = PBXBuildFile; fileRef = AF41E2A8292E7DFB009F78C4 /* VerificationsViewController.swift */; };
		AF41E2AC292E7EB7009F78C4 /* UserModel.swift in Sources */ = {isa = PBXBuildFile; fileRef = AF41E2AB292E7EB7009F78C4 /* UserModel.swift */; };
		AF41E2AE292FC6D3009F78C4 /* WelcomeViewController.swift in Sources */ = {isa = PBXBuildFile; fileRef = AF41E2AD292FC6D3009F78C4 /* WelcomeViewController.swift */; };
		AF41E2B0292FCC25009F78C4 /* UserDefaultsService.swift in Sources */ = {isa = PBXBuildFile; fileRef = AF41E2AF292FCC25009F78C4 /* UserDefaultsService.swift */; };
		AF41E2B2292FCDAC009F78C4 /* UserDefaultsExt.swift in Sources */ = {isa = PBXBuildFile; fileRef = AF41E2B1292FCDAC009F78C4 /* UserDefaultsExt.swift */; };
		AF5E0CF72924EA08008B0DAC /* AppDelegate.swift in Sources */ = {isa = PBXBuildFile; fileRef = AF5E0CF62924EA08008B0DAC /* AppDelegate.swift */; };
		AF5E0CF92924EA08008B0DAC /* SceneDelegate.swift in Sources */ = {isa = PBXBuildFile; fileRef = AF5E0CF82924EA08008B0DAC /* SceneDelegate.swift */; };
		AF5E0CFE2924EA08008B0DAC /* Main.storyboard in Resources */ = {isa = PBXBuildFile; fileRef = AF5E0CFC2924EA08008B0DAC /* Main.storyboard */; };
		AF5E0D002924EA0D008B0DAC /* Assets.xcassets in Resources */ = {isa = PBXBuildFile; fileRef = AF5E0CFF2924EA0D008B0DAC /* Assets.xcassets */; };
		AF5E0D032924EA0D008B0DAC /* LaunchScreen.storyboard in Resources */ = {isa = PBXBuildFile; fileRef = AF5E0D012924EA0D008B0DAC /* LaunchScreen.storyboard */; };
		AF5E0D0D2924F679008B0DAC /* SignIn.storyboard in Resources */ = {isa = PBXBuildFile; fileRef = AF5E0D0C2924F679008B0DAC /* SignIn.storyboard */; };
		AF5E0D0F29251BAE008B0DAC /* SignUp.storyboard in Resources */ = {isa = PBXBuildFile; fileRef = AF5E0D0E29251BAE008B0DAC /* SignUp.storyboard */; };
		AF5E0D112926CF7A008B0DAC /* SignInViewController.swift in Sources */ = {isa = PBXBuildFile; fileRef = AF5E0D102926CF7A008B0DAC /* SignInViewController.swift */; };
		AF5E0D132926CF8E008B0DAC /* SignUpViewController.swift in Sources */ = {isa = PBXBuildFile; fileRef = AF5E0D122926CF8E008B0DAC /* SignUpViewController.swift */; };
/* End PBXBuildFile section */

/* Begin PBXFileReference section */
		AF032C472926DD14000C4295 /* Managers.swift */ = {isa = PBXFileReference; lastKnownFileType = sourcecode.swift; path = Managers.swift; sourceTree = "<group>"; };
		AF41E2A6292E74FE009F78C4 /* UIVCExt.swift */ = {isa = PBXFileReference; lastKnownFileType = sourcecode.swift; path = UIVCExt.swift; sourceTree = "<group>"; };
		AF41E2A8292E7DFB009F78C4 /* VerificationsViewController.swift */ = {isa = PBXFileReference; lastKnownFileType = sourcecode.swift; path = VerificationsViewController.swift; sourceTree = "<group>"; };
		AF41E2AB292E7EB7009F78C4 /* UserModel.swift */ = {isa = PBXFileReference; lastKnownFileType = sourcecode.swift; path = UserModel.swift; sourceTree = "<group>"; };
		AF41E2AD292FC6D3009F78C4 /* WelcomeViewController.swift */ = {isa = PBXFileReference; lastKnownFileType = sourcecode.swift; path = WelcomeViewController.swift; sourceTree = "<group>"; };
		AF41E2AF292FCC25009F78C4 /* UserDefaultsService.swift */ = {isa = PBXFileReference; lastKnownFileType = sourcecode.swift; path = UserDefaultsService.swift; sourceTree = "<group>"; };
		AF41E2B1292FCDAC009F78C4 /* UserDefaultsExt.swift */ = {isa = PBXFileReference; lastKnownFileType = sourcecode.swift; path = UserDefaultsExt.swift; sourceTree = "<group>"; };
		AF5E0CF32924EA08008B0DAC /* SignUpApp.app */ = {isa = PBXFileReference; explicitFileType = wrapper.application; includeInIndex = 0; path = SignUpApp.app; sourceTree = BUILT_PRODUCTS_DIR; };
		AF5E0CF62924EA08008B0DAC /* AppDelegate.swift */ = {isa = PBXFileReference; lastKnownFileType = sourcecode.swift; path = AppDelegate.swift; sourceTree = "<group>"; };
		AF5E0CF82924EA08008B0DAC /* SceneDelegate.swift */ = {isa = PBXFileReference; lastKnownFileType = sourcecode.swift; path = SceneDelegate.swift; sourceTree = "<group>"; };
		AF5E0CFD2924EA08008B0DAC /* Base */ = {isa = PBXFileReference; lastKnownFileType = file.storyboard; name = Base; path = Base.lproj/Main.storyboard; sourceTree = "<group>"; };
		AF5E0CFF2924EA0D008B0DAC /* Assets.xcassets */ = {isa = PBXFileReference; lastKnownFileType = folder.assetcatalog; path = Assets.xcassets; sourceTree = "<group>"; };
		AF5E0D022924EA0D008B0DAC /* Base */ = {isa = PBXFileReference; lastKnownFileType = file.storyboard; name = Base; path = Base.lproj/LaunchScreen.storyboard; sourceTree = "<group>"; };
		AF5E0D042924EA0D008B0DAC /* Info.plist */ = {isa = PBXFileReference; lastKnownFileType = text.plist.xml; path = Info.plist; sourceTree = "<group>"; };
		AF5E0D0C2924F679008B0DAC /* SignIn.storyboard */ = {isa = PBXFileReference; lastKnownFileType = file.storyboard; path = SignIn.storyboard; sourceTree = "<group>"; };
		AF5E0D0E29251BAE008B0DAC /* SignUp.storyboard */ = {isa = PBXFileReference; lastKnownFileType = file.storyboard; path = SignUp.storyboard; sourceTree = "<group>"; };
		AF5E0D102926CF7A008B0DAC /* SignInViewController.swift */ = {isa = PBXFileReference; lastKnownFileType = sourcecode.swift; path = SignInViewController.swift; sourceTree = "<group>"; };
		AF5E0D122926CF8E008B0DAC /* SignUpViewController.swift */ = {isa = PBXFileReference; lastKnownFileType = sourcecode.swift; path = SignUpViewController.swift; sourceTree = "<group>"; };
/* End PBXFileReference section */

/* Begin PBXFrameworksBuildPhase section */
		AF5E0CF02924EA08008B0DAC /* Frameworks */ = {
			isa = PBXFrameworksBuildPhase;
			buildActionMask = 2147483647;
			files = (
			);
			runOnlyForDeploymentPostprocessing = 0;
		};
/* End PBXFrameworksBuildPhase section */

/* Begin PBXGroup section */
		AF032C462926DC83000C4295 /* Managers */ = {
			isa = PBXGroup;
			children = (
				AF032C472926DD14000C4295 /* Managers.swift */,
				AF41E2AF292FCC25009F78C4 /* UserDefaultsService.swift */,
			);
			path = Managers;
			sourceTree = "<group>";
		};
		AF41E2A5292E749A009F78C4 /* Extensions */ = {
			isa = PBXGroup;
			children = (
				AF41E2A6292E74FE009F78C4 /* UIVCExt.swift */,
				AF41E2B1292FCDAC009F78C4 /* UserDefaultsExt.swift */,
			);
			path = Extensions;
			sourceTree = "<group>";
		};
		AF41E2AA292E7E9F009F78C4 /* Model */ = {
			isa = PBXGroup;
			children = (
				AF41E2AB292E7EB7009F78C4 /* UserModel.swift */,
			);
			path = Model;
			sourceTree = "<group>";
		};
		AF5E0CEA2924EA08008B0DAC = {
			isa = PBXGroup;
			children = (
				AF5E0CF52924EA08008B0DAC /* SignUpApp */,
				AF5E0CF42924EA08008B0DAC /* Products */,
			);
			sourceTree = "<group>";
		};
		AF5E0CF42924EA08008B0DAC /* Products */ = {
			isa = PBXGroup;
			children = (
				AF5E0CF32924EA08008B0DAC /* SignUpApp.app */,
			);
			name = Products;
			sourceTree = "<group>";
		};
		AF5E0CF52924EA08008B0DAC /* SignUpApp */ = {
			isa = PBXGroup;
			children = (
				AF41E2AA292E7E9F009F78C4 /* Model */,
				AF41E2A5292E749A009F78C4 /* Extensions */,
				AF5E0D152926CFD5008B0DAC /* Controllers */,
				AF5E0D0A2924EA7B008B0DAC /* Delegates */,
				AF5E0D0B2924F5E5008B0DAC /* Views */,
				AF032C462926DC83000C4295 /* Managers */,
				AF5E0CFF2924EA0D008B0DAC /* Assets.xcassets */,
				AF5E0D042924EA0D008B0DAC /* Info.plist */,
			);
			path = SignUpApp;
			sourceTree = "<group>";
		};
		AF5E0D0A2924EA7B008B0DAC /* Delegates */ = {
			isa = PBXGroup;
			children = (
				AF5E0CF62924EA08008B0DAC /* AppDelegate.swift */,
				AF5E0CF82924EA08008B0DAC /* SceneDelegate.swift */,
			);
			path = Delegates;
			sourceTree = "<group>";
		};
		AF5E0D0B2924F5E5008B0DAC /* Views */ = {
			isa = PBXGroup;
			children = (
				AF5E0D012924EA0D008B0DAC /* LaunchScreen.storyboard */,
				AF5E0D0C2924F679008B0DAC /* SignIn.storyboard */,
				AF5E0D0E29251BAE008B0DAC /* SignUp.storyboard */,
				AF5E0CFC2924EA08008B0DAC /* Main.storyboard */,
			);
			path = Views;
			sourceTree = "<group>";
		};
		AF5E0D152926CFD5008B0DAC /* Controllers */ = {
			isa = PBXGroup;
			children = (
				AF5E0D102926CF7A008B0DAC /* SignInViewController.swift */,
				AF5E0D122926CF8E008B0DAC /* SignUpViewController.swift */,
				AF41E2A8292E7DFB009F78C4 /* VerificationsViewController.swift */,
				AF41E2AD292FC6D3009F78C4 /* WelcomeViewController.swift */,
			);
			path = Controllers;
			sourceTree = "<group>";
		};
/* End PBXGroup section */

/* Begin PBXNativeTarget section */
		AF5E0CF22924EA08008B0DAC /* SignUpApp */ = {
			isa = PBXNativeTarget;
			buildConfigurationList = AF5E0D072924EA0D008B0DAC /* Build configuration list for PBXNativeTarget "SignUpApp" */;
			buildPhases = (
				AF5E0CEF2924EA08008B0DAC /* Sources */,
				AF5E0CF02924EA08008B0DAC /* Frameworks */,
				AF5E0CF12924EA08008B0DAC /* Resources */,
			);
			buildRules = (
			);
			dependencies = (
			);
			name = SignUpApp;
			productName = SignUpApp;
			productReference = AF5E0CF32924EA08008B0DAC /* SignUpApp.app */;
			productType = "com.apple.product-type.application";
		};
/* End PBXNativeTarget section */

/* Begin PBXProject section */
		AF5E0CEB2924EA08008B0DAC /* Project object */ = {
			isa = PBXProject;
			attributes = {
				BuildIndependentTargetsInParallel = 1;
				LastSwiftUpdateCheck = 1340;
				LastUpgradeCheck = 1340;
				TargetAttributes = {
					AF5E0CF22924EA08008B0DAC = {
						CreatedOnToolsVersion = 13.4.1;
					};
				};
			};
			buildConfigurationList = AF5E0CEE2924EA08008B0DAC /* Build configuration list for PBXProject "SignUpApp" */;
			compatibilityVersion = "Xcode 13.0";
			developmentRegion = en;
			hasScannedForEncodings = 0;
			knownRegions = (
				en,
				Base,
			);
			mainGroup = AF5E0CEA2924EA08008B0DAC;
			productRefGroup = AF5E0CF42924EA08008B0DAC /* Products */;
			projectDirPath = "";
			projectRoot = "";
			targets = (
				AF5E0CF22924EA08008B0DAC /* SignUpApp */,
			);
		};
/* End PBXProject section */

/* Begin PBXResourcesBuildPhase section */
		AF5E0CF12924EA08008B0DAC /* Resources */ = {
			isa = PBXResourcesBuildPhase;
			buildActionMask = 2147483647;
			files = (
				AF5E0D0D2924F679008B0DAC /* SignIn.storyboard in Resources */,
				AF5E0D032924EA0D008B0DAC /* LaunchScreen.storyboard in Resources */,
				AF5E0D002924EA0D008B0DAC /* Assets.xcassets in Resources */,
				AF5E0CFE2924EA08008B0DAC /* Main.storyboard in Resources */,
				AF5E0D0F29251BAE008B0DAC /* SignUp.storyboard in Resources */,
			);
			runOnlyForDeploymentPostprocessing = 0;
		};
/* End PBXResourcesBuildPhase section */

/* Begin PBXSourcesBuildPhase section */
		AF5E0CEF2924EA08008B0DAC /* Sources */ = {
			isa = PBXSourcesBuildPhase;
			buildActionMask = 2147483647;
			files = (
				AF41E2AE292FC6D3009F78C4 /* WelcomeViewController.swift in Sources */,
				AF41E2A7292E74FE009F78C4 /* UIVCExt.swift in Sources */,
				AF41E2B0292FCC25009F78C4 /* UserDefaultsService.swift in Sources */,
				AF032C482926DD14000C4295 /* Managers.swift in Sources */,
				AF41E2B2292FCDAC009F78C4 /* UserDefaultsExt.swift in Sources */,
				AF41E2AC292E7EB7009F78C4 /* UserModel.swift in Sources */,
				AF5E0CF72924EA08008B0DAC /* AppDelegate.swift in Sources */,
				AF41E2A9292E7DFB009F78C4 /* VerificationsViewController.swift in Sources */,
				AF5E0CF92924EA08008B0DAC /* SceneDelegate.swift in Sources */,
				AF5E0D132926CF8E008B0DAC /* SignUpViewController.swift in Sources */,
				AF5E0D112926CF7A008B0DAC /* SignInViewController.swift in Sources */,
			);
			runOnlyForDeploymentPostprocessing = 0;
		};
/* End PBXSourcesBuildPhase section */

/* Begin PBXVariantGroup section */
		AF5E0CFC2924EA08008B0DAC /* Main.storyboard */ = {
			isa = PBXVariantGroup;
			children = (
				AF5E0CFD2924EA08008B0DAC /* Base */,
			);
			name = Main.storyboard;
			sourceTree = "<group>";
		};
		AF5E0D012924EA0D008B0DAC /* LaunchScreen.storyboard */ = {
			isa = PBXVariantGroup;
			children = (
				AF5E0D022924EA0D008B0DAC /* Base */,
			);
			name = LaunchScreen.storyboard;
			sourceTree = "<group>";
		};
/* End PBXVariantGroup section */

/* Begin XCBuildConfiguration section */
		AF5E0D052924EA0D008B0DAC /* Debug */ = {
			isa = XCBuildConfiguration;
			buildSettings = {
				ALWAYS_SEARCH_USER_PATHS = NO;
				CLANG_ANALYZER_NONNULL = YES;
				CLANG_ANALYZER_NUMBER_OBJECT_CONVERSION = YES_AGGRESSIVE;
				CLANG_CXX_LANGUAGE_STANDARD = "gnu++17";
				CLANG_ENABLE_MODULES = YES;
				CLANG_ENABLE_OBJC_ARC = YES;
				CLANG_ENABLE_OBJC_WEAK = YES;
				CLANG_WARN_BLOCK_CAPTURE_AUTORELEASING = YES;
				CLANG_WARN_BOOL_CONVERSION = YES;
				CLANG_WARN_COMMA = YES;
				CLANG_WARN_CONSTANT_CONVERSION = YES;
				CLANG_WARN_DEPRECATED_OBJC_IMPLEMENTATIONS = YES;
				CLANG_WARN_DIRECT_OBJC_ISA_USAGE = YES_ERROR;
				CLANG_WARN_DOCUMENTATION_COMMENTS = YES;
				CLANG_WARN_EMPTY_BODY = YES;
				CLANG_WARN_ENUM_CONVERSION = YES;
				CLANG_WARN_INFINITE_RECURSION = YES;
				CLANG_WARN_INT_CONVERSION = YES;
				CLANG_WARN_NON_LITERAL_NULL_CONVERSION = YES;
				CLANG_WARN_OBJC_IMPLICIT_RETAIN_SELF = YES;
				CLANG_WARN_OBJC_LITERAL_CONVERSION = YES;
				CLANG_WARN_OBJC_ROOT_CLASS = YES_ERROR;
				CLANG_WARN_QUOTED_INCLUDE_IN_FRAMEWORK_HEADER = YES;
				CLANG_WARN_RANGE_LOOP_ANALYSIS = YES;
				CLANG_WARN_STRICT_PROTOTYPES = YES;
				CLANG_WARN_SUSPICIOUS_MOVE = YES;
				CLANG_WARN_UNGUARDED_AVAILABILITY = YES_AGGRESSIVE;
				CLANG_WARN_UNREACHABLE_CODE = YES;
				CLANG_WARN__DUPLICATE_METHOD_MATCH = YES;
				COPY_PHASE_STRIP = NO;
				DEBUG_INFORMATION_FORMAT = dwarf;
				ENABLE_STRICT_OBJC_MSGSEND = YES;
				ENABLE_TESTABILITY = YES;
				GCC_C_LANGUAGE_STANDARD = gnu11;
				GCC_DYNAMIC_NO_PIC = NO;
				GCC_NO_COMMON_BLOCKS = YES;
				GCC_OPTIMIZATION_LEVEL = 0;
				GCC_PREPROCESSOR_DEFINITIONS = (
					"DEBUG=1",
					"$(inherited)",
				);
				GCC_WARN_64_TO_32_BIT_CONVERSION = YES;
				GCC_WARN_ABOUT_RETURN_TYPE = YES_ERROR;
				GCC_WARN_UNDECLARED_SELECTOR = YES;
				GCC_WARN_UNINITIALIZED_AUTOS = YES_AGGRESSIVE;
				GCC_WARN_UNUSED_FUNCTION = YES;
				GCC_WARN_UNUSED_VARIABLE = YES;
				IPHONEOS_DEPLOYMENT_TARGET = 15.5;
				MTL_ENABLE_DEBUG_INFO = INCLUDE_SOURCE;
				MTL_FAST_MATH = YES;
				ONLY_ACTIVE_ARCH = YES;
				SDKROOT = iphoneos;
				SWIFT_ACTIVE_COMPILATION_CONDITIONS = DEBUG;
				SWIFT_OPTIMIZATION_LEVEL = "-Onone";
			};
			name = Debug;
		};
		AF5E0D062924EA0D008B0DAC /* Release */ = {
			isa = XCBuildConfiguration;
			buildSettings = {
				ALWAYS_SEARCH_USER_PATHS = NO;
				CLANG_ANALYZER_NONNULL = YES;
				CLANG_ANALYZER_NUMBER_OBJECT_CONVERSION = YES_AGGRESSIVE;
				CLANG_CXX_LANGUAGE_STANDARD = "gnu++17";
				CLANG_ENABLE_MODULES = YES;
				CLANG_ENABLE_OBJC_ARC = YES;
				CLANG_ENABLE_OBJC_WEAK = YES;
				CLANG_WARN_BLOCK_CAPTURE_AUTORELEASING = YES;
				CLANG_WARN_BOOL_CONVERSION = YES;
				CLANG_WARN_COMMA = YES;
				CLANG_WARN_CONSTANT_CONVERSION = YES;
				CLANG_WARN_DEPRECATED_OBJC_IMPLEMENTATIONS = YES;
				CLANG_WARN_DIRECT_OBJC_ISA_USAGE = YES_ERROR;
				CLANG_WARN_DOCUMENTATION_COMMENTS = YES;
				CLANG_WARN_EMPTY_BODY = YES;
				CLANG_WARN_ENUM_CONVERSION = YES;
				CLANG_WARN_INFINITE_RECURSION = YES;
				CLANG_WARN_INT_CONVERSION = YES;
				CLANG_WARN_NON_LITERAL_NULL_CONVERSION = YES;
				CLANG_WARN_OBJC_IMPLICIT_RETAIN_SELF = YES;
				CLANG_WARN_OBJC_LITERAL_CONVERSION = YES;
				CLANG_WARN_OBJC_ROOT_CLASS = YES_ERROR;
				CLANG_WARN_QUOTED_INCLUDE_IN_FRAMEWORK_HEADER = YES;
				CLANG_WARN_RANGE_LOOP_ANALYSIS = YES;
				CLANG_WARN_STRICT_PROTOTYPES = YES;
				CLANG_WARN_SUSPICIOUS_MOVE = YES;
				CLANG_WARN_UNGUARDED_AVAILABILITY = YES_AGGRESSIVE;
				CLANG_WARN_UNREACHABLE_CODE = YES;
				CLANG_WARN__DUPLICATE_METHOD_MATCH = YES;
				COPY_PHASE_STRIP = NO;
				DEBUG_INFORMATION_FORMAT = "dwarf-with-dsym";
				ENABLE_NS_ASSERTIONS = NO;
				ENABLE_STRICT_OBJC_MSGSEND = YES;
				GCC_C_LANGUAGE_STANDARD = gnu11;
				GCC_NO_COMMON_BLOCKS = YES;
				GCC_WARN_64_TO_32_BIT_CONVERSION = YES;
				GCC_WARN_ABOUT_RETURN_TYPE = YES_ERROR;
				GCC_WARN_UNDECLARED_SELECTOR = YES;
				GCC_WARN_UNINITIALIZED_AUTOS = YES_AGGRESSIVE;
				GCC_WARN_UNUSED_FUNCTION = YES;
				GCC_WARN_UNUSED_VARIABLE = YES;
				IPHONEOS_DEPLOYMENT_TARGET = 15.5;
				MTL_ENABLE_DEBUG_INFO = NO;
				MTL_FAST_MATH = YES;
				SDKROOT = iphoneos;
				SWIFT_COMPILATION_MODE = wholemodule;
				SWIFT_OPTIMIZATION_LEVEL = "-O";
				VALIDATE_PRODUCT = YES;
			};
			name = Release;
		};
		AF5E0D082924EA0D008B0DAC /* Debug */ = {
			isa = XCBuildConfiguration;
			buildSettings = {
				ASSETCATALOG_COMPILER_APPICON_NAME = AppIcon;
				ASSETCATALOG_COMPILER_GLOBAL_ACCENT_COLOR_NAME = AccentColor;
				CODE_SIGN_STYLE = Automatic;
				CURRENT_PROJECT_VERSION = 1;
				DEVELOPMENT_TEAM = JQSUXNGVC5;
				GENERATE_INFOPLIST_FILE = YES;
				INFOPLIST_FILE = SignUpApp/Info.plist;
				INFOPLIST_KEY_UIApplicationSupportsIndirectInputEvents = YES;
				INFOPLIST_KEY_UILaunchStoryboardName = LaunchScreen;
				INFOPLIST_KEY_UIMainStoryboardFile = SignIn;
				INFOPLIST_KEY_UISupportedInterfaceOrientations = UIInterfaceOrientationPortrait;
				INFOPLIST_KEY_UISupportedInterfaceOrientations_iPad = "UIInterfaceOrientationPortrait UIInterfaceOrientationPortraitUpsideDown UIInterfaceOrientationLandscapeLeft UIInterfaceOrientationLandscapeRight";
				INFOPLIST_KEY_UISupportedInterfaceOrientations_iPhone = "UIInterfaceOrientationPortrait UIInterfaceOrientationLandscapeLeft UIInterfaceOrientationLandscapeRight";
				LD_RUNPATH_SEARCH_PATHS = (
					"$(inherited)",
					"@executable_path/Frameworks",
				);
				MARKETING_VERSION = 1.0;
				PRODUCT_BUNDLE_IDENTIFIER = EugeneZabrodski.SignUpApp;
				PRODUCT_NAME = "$(TARGET_NAME)";
				SWIFT_EMIT_LOC_STRINGS = YES;
				SWIFT_VERSION = 5.0;
				TARGETED_DEVICE_FAMILY = 1;
			};
			name = Debug;
		};
		AF5E0D092924EA0D008B0DAC /* Release */ = {
			isa = XCBuildConfiguration;
			buildSettings = {
				ASSETCATALOG_COMPILER_APPICON_NAME = AppIcon;
				ASSETCATALOG_COMPILER_GLOBAL_ACCENT_COLOR_NAME = AccentColor;
				CODE_SIGN_STYLE = Automatic;
				CURRENT_PROJECT_VERSION = 1;
				DEVELOPMENT_TEAM = JQSUXNGVC5;
				GENERATE_INFOPLIST_FILE = YES;
				INFOPLIST_FILE = SignUpApp/Info.plist;
				INFOPLIST_KEY_UIApplicationSupportsIndirectInputEvents = YES;
				INFOPLIST_KEY_UILaunchStoryboardName = LaunchScreen;
				INFOPLIST_KEY_UIMainStoryboardFile = SignIn;
				INFOPLIST_KEY_UISupportedInterfaceOrientations = UIInterfaceOrientationPortrait;
				INFOPLIST_KEY_UISupportedInterfaceOrientations_iPad = "UIInterfaceOrientationPortrait UIInterfaceOrientationPortraitUpsideDown UIInterfaceOrientationLandscapeLeft UIInterfaceOrientationLandscapeRight";
				INFOPLIST_KEY_UISupportedInterfaceOrientations_iPhone = "UIInterfaceOrientationPortrait UIInterfaceOrientationLandscapeLeft UIInterfaceOrientationLandscapeRight";
				LD_RUNPATH_SEARCH_PATHS = (
					"$(inherited)",
					"@executable_path/Frameworks",
				);
				MARKETING_VERSION = 1.0;
				PRODUCT_BUNDLE_IDENTIFIER = EugeneZabrodski.SignUpApp;
				PRODUCT_NAME = "$(TARGET_NAME)";
				SWIFT_EMIT_LOC_STRINGS = YES;
				SWIFT_VERSION = 5.0;
				TARGETED_DEVICE_FAMILY = 1;
			};
			name = Release;
		};
/* End XCBuildConfiguration section */

/* Begin XCConfigurationList section */
		AF5E0CEE2924EA08008B0DAC /* Build configuration list for PBXProject "SignUpApp" */ = {
			isa = XCConfigurationList;
			buildConfigurations = (
				AF5E0D052924EA0D008B0DAC /* Debug */,
				AF5E0D062924EA0D008B0DAC /* Release */,
			);
			defaultConfigurationIsVisible = 0;
			defaultConfigurationName = Release;
		};
		AF5E0D072924EA0D008B0DAC /* Build configuration list for PBXNativeTarget "SignUpApp" */ = {
			isa = XCConfigurationList;
			buildConfigurations = (
				AF5E0D082924EA0D008B0DAC /* Debug */,
				AF5E0D092924EA0D008B0DAC /* Release */,
			);
			defaultConfigurationIsVisible = 0;
			defaultConfigurationName = Release;
		};
/* End XCConfigurationList section */
	};
	rootObject = AF5E0CEB2924EA08008B0DAC /* Project object */;
}
